{
  "name": "wj-cake-dessert",
  "version": "0.1.0",
  "lockfileVersion": 3,
  "requires": true,
  "packages": {
    "": {
      "name": "wj-cake-dessert",
      "version": "0.1.0",
      "workspaces": [
        "frontend",
        "backend",
        "packages/*"
      ]
    },
    "backend": {
      "name": "@wj/api",
      "version": "0.1.0"
    },
    "frontend": {
      "name": "@wj/frontend",
      "version": "0.1.0"
    },
    "node_modules/@wj/api": {
      "resolved": "backend",
      "link": true
    },
    "node_modules/@wj/frontend": {
      "resolved": "frontend",
      "link": true
    }
  }
}
